// !$*UTF8*$!
{
	archiveVersion = 1;
	classes = {
	};
	objectVersion = 46;
	objects = {

/* Begin PBXBuildFile section */
		047C55A419F2125C0037BF5D /* AppDelegate.swift in Sources */ = {isa = PBXBuildFile; fileRef = 047C55A319F2125C0037BF5D /* AppDelegate.swift */; };
		047C55A619F2125C0037BF5D /* ViewController.swift in Sources */ = {isa = PBXBuildFile; fileRef = 047C55A519F2125C0037BF5D /* ViewController.swift */; };
		047C55A919F2125C0037BF5D /* Main.storyboard in Resources */ = {isa = PBXBuildFile; fileRef = 047C55A719F2125C0037BF5D /* Main.storyboard */; };
		047C55AB19F2125C0037BF5D /* Images.xcassets in Resources */ = {isa = PBXBuildFile; fileRef = 047C55AA19F2125C0037BF5D /* Images.xcassets */; };
		047C55AE19F2125C0037BF5D /* LaunchScreen.xib in Resources */ = {isa = PBXBuildFile; fileRef = 047C55AC19F2125C0037BF5D /* LaunchScreen.xib */; };
		047C55BA19F2125C0037BF5D /* CalculatorTests.swift in Sources */ = {isa = PBXBuildFile; fileRef = 047C55B919F2125C0037BF5D /* CalculatorTests.swift */; };
/* End PBXBuildFile section */

/* Begin PBXContainerItemProxy section */
		047C55B419F2125C0037BF5D /* PBXContainerItemProxy */ = {
			isa = PBXContainerItemProxy;
			containerPortal = 047C559619F2125C0037BF5D /* Project object */;
			proxyType = 1;
			remoteGlobalIDString = 047C559D19F2125C0037BF5D;
			remoteInfo = Calculator;
		};
/* End PBXContainerItemProxy section */

/* Begin PBXFileReference section */
		047C559E19F2125C0037BF5D /* Calculator.app */ = {isa = PBXFileReference; explicitFileType = wrapper.application; includeInIndex = 0; path = Calculator.app; sourceTree = BUILT_PRODUCTS_DIR; };
		047C55A219F2125C0037BF5D /* Info.plist */ = {isa = PBXFileReference; lastKnownFileType = text.plist.xml; path = Info.plist; sourceTree = "<group>"; };
		047C55A319F2125C0037BF5D /* AppDelegate.swift */ = {isa = PBXFileReference; lastKnownFileType = sourcecode.swift; path = AppDelegate.swift; sourceTree = "<group>"; };
		047C55A519F2125C0037BF5D /* ViewController.swift */ = {isa = PBXFileReference; lastKnownFileType = sourcecode.swift; path = ViewController.swift; sourceTree = "<group>"; xcLanguageSpecificationIdentifier = xcode.lang.swift; };
		047C55A819F2125C0037BF5D /* Base */ = {isa = PBXFileReference; lastKnownFileType = file.storyboard; name = Base; path = Base.lproj/Main.storyboard; sourceTree = "<group>"; };
		047C55AA19F2125C0037BF5D /* Images.xcassets */ = {isa = PBXFileReference; lastKnownFileType = folder.assetcatalog; path = Images.xcassets; sourceTree = "<group>"; };
		047C55AD19F2125C0037BF5D /* Base */ = {isa = PBXFileReference; lastKnownFileType = file.xib; name = Base; path = Base.lproj/LaunchScreen.xib; sourceTree = "<group>"; };
		047C55B319F2125C0037BF5D /* CalculatorTests.xctest */ = {isa = PBXFileReference; explicitFileType = wrapper.cfbundle; includeInIndex = 0; path = CalculatorTests.xctest; sourceTree = BUILT_PRODUCTS_DIR; };
		047C55B819F2125C0037BF5D /* Info.plist */ = {isa = PBXFileReference; lastKnownFileType = text.plist.xml; path = Info.plist; sourceTree = "<group>"; };
		047C55B919F2125C0037BF5D /* CalculatorTests.swift */ = {isa = PBXFileReference; lastKnownFileType = sourcecode.swift; path = CalculatorTests.swift; sourceTree = "<group>"; };
		047C55F119F330BB0037BF5D /* Scratchpad.playground */ = {isa = PBXFileReference; lastKnownFileType = file.playground; name = Scratchpad.playground; path = ../Scratchpad.playground; sourceTree = "<group>"; };
/* End PBXFileReference section */

/* Begin PBXFrameworksBuildPhase section */
		047C559B19F2125C0037BF5D /* Frameworks */ = {
			isa = PBXFrameworksBuildPhase;
			buildActionMask = 2147483647;
			files = (
			);
			runOnlyForDeploymentPostprocessing = 0;
		};
		047C55B019F2125C0037BF5D /* Frameworks */ = {
			isa = PBXFrameworksBuildPhase;
			buildActionMask = 2147483647;
			files = (
			);
			runOnlyForDeploymentPostprocessing = 0;
		};
/* End PBXFrameworksBuildPhase section */

/* Begin PBXGroup section */
		047C559519F2125C0037BF5D = {
			isa = PBXGroup;
			children = (
				047C55A019F2125C0037BF5D /* Calculator */,
				047C55B619F2125C0037BF5D /* CalculatorTests */,
				047C559F19F2125C0037BF5D /* Products */,
			);
			sourceTree = "<group>";
		};
		047C559F19F2125C0037BF5D /* Products */ = {
			isa = PBXGroup;
			children = (
				047C559E19F2125C0037BF5D /* Calculator.app */,
				047C55B319F2125C0037BF5D /* CalculatorTests.xctest */,
			);
			name = Products;
			sourceTree = "<group>";
		};
		047C55A019F2125C0037BF5D /* Calculator */ = {
			isa = PBXGroup;
			children = (
				047C55A319F2125C0037BF5D /* AppDelegate.swift */,
				047C55A519F2125C0037BF5D /* ViewController.swift */,
				047C55A719F2125C0037BF5D /* Main.storyboard */,
				047C55AA19F2125C0037BF5D /* Images.xcassets */,
				047C55AC19F2125C0037BF5D /* LaunchScreen.xib */,
				047C55F119F330BB0037BF5D /* Scratchpad.playground */,
				047C55A119F2125C0037BF5D /* Supporting Files */,
			);
			path = Calculator;
			sourceTree = "<group>";
		};
		047C55A119F2125C0037BF5D /* Supporting Files */ = {
			isa = PBXGroup;
			children = (
				047C55A219F2125C0037BF5D /* Info.plist */,
			);
			name = "Supporting Files";
			sourceTree = "<group>";
		};
		047C55B619F2125C0037BF5D /* CalculatorTests */ = {
			isa = PBXGroup;
			children = (
				047C55B919F2125C0037BF5D /* CalculatorTests.swift */,
				047C55B719F2125C0037BF5D /* Supporting Files */,
			);
			path = CalculatorTests;
			sourceTree = "<group>";
		};
		047C55B719F2125C0037BF5D /* Supporting Files */ = {
			isa = PBXGroup;
			children = (
				047C55B819F2125C0037BF5D /* Info.plist */,
			);
			name = "Supporting Files";
			sourceTree = "<group>";
		};
/* End PBXGroup section */

/* Begin PBXNativeTarget section */
		047C559D19F2125C0037BF5D /* Calculator */ = {
			isa = PBXNativeTarget;
			buildConfigurationList = 047C55BD19F2125D0037BF5D /* Build configuration list for PBXNativeTarget "Calculator" */;
			buildPhases = (
				047C559A19F2125C0037BF5D /* Sources */,
				047C559B19F2125C0037BF5D /* Frameworks */,
				047C559C19F2125C0037BF5D /* Resources */,
			);
			buildRules = (
			);
			dependencies = (
			);
			name = Calculator;
			productName = Calculator;
			productReference = 047C559E19F2125C0037BF5D /* Calculator.app */;
			productType = "com.apple.product-type.application";
		};
		047C55B219F2125C0037BF5D /* CalculatorTests */ = {
			isa = PBXNativeTarget;
			buildConfigurationList = 047C55C019F2125D0037BF5D /* Build configuration list for PBXNativeTarget "CalculatorTests" */;
			buildPhases = (
				047C55AF19F2125C0037BF5D /* Sources */,
				047C55B019F2125C0037BF5D /* Frameworks */,
				047C55B119F2125C0037BF5D /* Resources */,
			);
			buildRules = (
			);
			dependencies = (
				047C55B519F2125C0037BF5D /* PBXTargetDependency */,
			);
			name = CalculatorTests;
			productName = CalculatorTests;
			productReference = 047C55B319F2125C0037BF5D /* CalculatorTests.xctest */;
			productType = "com.apple.product-type.bundle.unit-test";
		};
/* End PBXNativeTarget section */

/* Begin PBXProject section */
		047C559619F2125C0037BF5D /* Project object */ = {
			isa = PBXProject;
			attributes = {
				LastUpgradeCheck = 0610;
				ORGANIZATIONNAME = Treehouse;
				TargetAttributes = {
					047C559D19F2125C0037BF5D = {
						CreatedOnToolsVersion = 6.1;
						DevelopmentTeam = 37J588435Y;
						LastSwiftMigration = 0830;
					};
					047C55B219F2125C0037BF5D = {
						CreatedOnToolsVersion = 6.1;
						LastSwiftMigration = 0830;
						TestTargetID = 047C559D19F2125C0037BF5D;
					};
				};
			};
			buildConfigurationList = 047C559919F2125C0037BF5D /* Build configuration list for PBXProject "Calculator" */;
			compatibilityVersion = "Xcode 3.2";
			developmentRegion = English;
			hasScannedForEncodings = 0;
			knownRegions = (
				en,
				Base,
			);
			mainGroup = 047C559519F2125C0037BF5D;
			productRefGroup = 047C559F19F2125C0037BF5D /* Products */;
			projectDirPath = "";
			projectRoot = "";
			targets = (
				047C559D19F2125C0037BF5D /* Calculator */,
				047C55B219F2125C0037BF5D /* CalculatorTests */,
			);
		};
/* End PBXProject section */

/* Begin PBXResourcesBuildPhase section */
		047C559C19F2125C0037BF5D /* Resources */ = {
			isa = PBXResourcesBuildPhase;
			buildActionMask = 2147483647;
			files = (
				047C55A919F2125C0037BF5D /* Main.storyboard in Resources */,
				047C55AE19F2125C0037BF5D /* LaunchScreen.xib in Resources */,
				047C55AB19F2125C0037BF5D /* Images.xcassets in Resources */,
			);
			runOnlyForDeploymentPostprocessing = 0;
		};
		047C55B119F2125C0037BF5D /* Resources */ = {
			isa = PBXResourcesBuildPhase;
			buildActionMask = 2147483647;
			files = (
			);
			runOnlyForDeploymentPostprocessing = 0;
		};
/* End PBXResourcesBuildPhase section */

/* Begin PBXSourcesBuildPhase section */
		047C559A19F2125C0037BF5D /* Sources */ = {
			isa = PBXSourcesBuildPhase;
			buildActionMask = 2147483647;
			files = (
				047C55A619F2125C0037BF5D /* ViewController.swift in Sources */,
				047C55A419F2125C0037BF5D /* AppDelegate.swift in Sources */,
			);
			runOnlyForDeploymentPostprocessing = 0;
		};
		047C55AF19F2125C0037BF5D /* Sources */ = {
			isa = PBXSourcesBuildPhase;
			buildActionMask = 2147483647;
			files = (
				047C55BA19F2125C0037BF5D /* CalculatorTests.swift in Sources */,
			);
			runOnlyForDeploymentPostprocessing = 0;
		};
/* End PBXSourcesBuildPhase section */

/* Begin PBXTargetDependency section */
		047C55B519F2125C0037BF5D /* PBXTargetDependency */ = {
			isa = PBXTargetDependency;
			target = 047C559D19F2125C0037BF5D /* Calculator */;
			targetProxy = 047C55B419F2125C0037BF5D /* PBXContainerItemProxy */;
		};
/* End PBXTargetDependency section */

/* Begin PBXVariantGroup section */
		047C55A719F2125C0037BF5D /* Main.storyboard */ = {
			isa = PBXVariantGroup;
			children = (
				047C55A819F2125C0037BF5D /* Base */,
			);
			name = Main.storyboard;
			sourceTree = "<group>";
		};
		047C55AC19F2125C0037BF5D /* LaunchScreen.xib */ = {
			isa = PBXVariantGroup;
			children = (
				047C55AD19F2125C0037BF5D /* Base */,
			);
			name = LaunchScreen.xib;
			sourceTree = "<group>";
		};
/* End PBXVariantGroup section */

/* Begin XCBuildConfiguration section */
		047C55BB19F2125C0037BF5D /* Debug */ = {
			isa = XCBuildConfiguration;
			buildSettings = {
				ALWAYS_SEARCH_USER_PATHS = NO;
				CLANG_CXX_LANGUAGE_STANDARD = "gnu++0x";
				CLANG_CXX_LIBRARY = "libc++";
				CLANG_ENABLE_MODULES = YES;
				CLANG_ENABLE_OBJC_ARC = YES;
				CLANG_WARN_BOOL_CONVERSION = YES;
				CLANG_WARN_CONSTANT_CONVERSION = YES;
				CLANG_WARN_DIRECT_OBJC_ISA_USAGE = YES_ERROR;
				CLANG_WARN_EMPTY_BODY = YES;
				CLANG_WARN_ENUM_CONVERSION = YES;
				CLANG_WARN_INT_CONVERSION = YES;
				CLANG_WARN_OBJC_ROOT_CLASS = YES_ERROR;
				CLANG_WARN_UNREACHABLE_CODE = YES;
				CLANG_WARN__DUPLICATE_METHOD_MATCH = YES;
				"CODE_SIGN_IDENTITY[sdk=iphoneos*]" = "iPhone Developer";
				COPY_PHASE_STRIP = NO;
				ENABLE_STRICT_OBJC_MSGSEND = YES;
				GCC_C_LANGUAGE_STANDARD = gnu99;
				GCC_DYNAMIC_NO_PIC = NO;
				GCC_OPTIMIZATION_LEVEL = 0;
				GCC_PREPROCESSOR_DEFINITIONS = (
					"DEBUG=1",
					"$(inherited)",
				);
				GCC_SYMBOLS_PRIVATE_EXTERN = NO;
				GCC_WARN_64_TO_32_BIT_CONVERSION = YES;
				GCC_WARN_ABOUT_RETURN_TYPE = YES_ERROR;
				GCC_WARN_UNDECLARED_SELECTOR = YES;
				GCC_WARN_UNINITIALIZED_AUTOS = YES_AGGRESSIVE;
				GCC_WARN_UNUSED_FUNCTION = YES;
				GCC_WARN_UNUSED_VARIABLE = YES;
				IPHONEOS_DEPLOYMENT_TARGET = 8.1;
				MTL_ENABLE_DEBUG_INFO = YES;
				ONLY_ACTIVE_ARCH = YES;
				SDKROOT = iphoneos;
				SWIFT_OPTIMIZATION_LEVEL = "-Onone";
				TARGETED_DEVICE_FAMILY = 2;
			};
			name = Debug;
		};
		047C55BC19F2125C0037BF5D /* Release */ = {
			isa = XCBuildConfiguration;
			buildSettings = {
				ALWAYS_SEARCH_USER_PATHS = NO;
				CLANG_CXX_LANGUAGE_STANDARD = "gnu++0x";
				CLANG_CXX_LIBRARY = "libc++";
				CLANG_ENABLE_MODULES = YES;
				CLANG_ENABLE_OBJC_ARC = YES;
				CLANG_WARN_BOOL_CONVERSION = YES;
				CLANG_WARN_CONSTANT_CONVERSION = YES;
				CLANG_WARN_DIRECT_OBJC_ISA_USAGE = YES_ERROR;
				CLANG_WARN_EMPTY_BODY = YES;
				CLANG_WARN_ENUM_CONVERSION = YES;
				CLANG_WARN_INT_CONVERSION = YES;
				CLANG_WARN_OBJC_ROOT_CLASS = YES_ERROR;
				CLANG_WARN_UNREACHABLE_CODE = YES;
				CLANG_WARN__DUPLICATE_METHOD_MATCH = YES;
				"CODE_SIGN_IDENTITY[sdk=iphoneos*]" = "iPhone Developer";
				COPY_PHASE_STRIP = YES;
				ENABLE_NS_ASSERTIONS = NO;
				ENABLE_STRICT_OBJC_MSGSEND = YES;
				GCC_C_LANGUAGE_STANDARD = gnu99;
				GCC_WARN_64_TO_32_BIT_CONVERSION = YES;
				GCC_WARN_ABOUT_RETURN_TYPE = YES_ERROR;
				GCC_WARN_UNDECLARED_SELECTOR = YES;
				GCC_WARN_UNINITIALIZED_AUTOS = YES_AGGRESSIVE;
				GCC_WARN_UNUSED_FUNCTION = YES;
				GCC_WARN_UNUSED_VARIABLE = YES;
				IPHONEOS_DEPLOYMENT_TARGET = 8.1;
				MTL_ENABLE_DEBUG_INFO = NO;
				SDKROOT = iphoneos;
				TARGETED_DEVICE_FAMILY = 2;
				VALIDATE_PRODUCT = YES;
			};
			name = Release;
		};
		047C55BE19F2125D0037BF5D /* Debug */ = {
			isa = XCBuildConfiguration;
			buildSettings = {
				ASSETCATALOG_COMPILER_APPICON_NAME = AppIcon;
				DEVELOPMENT_TEAM = 37J588435Y;
				INFOPLIST_FILE = Calculator/Info.plist;
				IPHONEOS_DEPLOYMENT_TARGET = 8.0;
				LD_RUNPATH_SEARCH_PATHS = "$(inherited) @executable_path/Frameworks";
				PRODUCT_BUNDLE_IDENTIFIER = com.padblish.Calculator;
				PRODUCT_NAME = "$(TARGET_NAME)";
				SWIFT_VERSION = 3.0;
				TARGETED_DEVICE_FAMILY = 2;
			};
			name = Debug;
		};
		047C55BF19F2125D0037BF5D /* Release */ = {
			isa = XCBuildConfiguration;
			buildSettings = {
				ASSETCATALOG_COMPILER_APPICON_NAME = AppIcon;
				DEVELOPMENT_TEAM = 37J588435Y;
				INFOPLIST_FILE = Calculator/Info.plist;
				IPHONEOS_DEPLOYMENT_TARGET = 8.0;
				LD_RUNPATH_SEARCH_PATHS = "$(inherited) @executable_path/Frameworks";
				PRODUCT_BUNDLE_IDENTIFIER = com.padblish.Calculator;
				PRODUCT_NAME = "$(TARGET_NAME)";
				SWIFT_VERSION = 3.0;
				TARGETED_DEVICE_FAMILY = 2;
			};
			name = Release;
		};
		047C55C119F2125D0037BF5D /* Debug */ = {
			isa = XCBuildConfiguration;
			buildSettings = {
				BUNDLE_LOADER = "$(TEST_HOST)";
				FRAMEWORK_SEARCH_PATHS = (
					"$(SDKROOT)/Developer/Library/Frameworks",
					"$(inherited)",
				);
				GCC_PREPROCESSOR_DEFINITIONS = (
					"DEBUG=1",
					"$(inherited)",
				);
				INFOPLIST_FILE = CalculatorTests/Info.plist;
				LD_RUNPATH_SEARCH_PATHS = "$(inherited) @executable_path/Frameworks @loader_path/Frameworks";
				PRODUCT_NAME = "$(TARGET_NAME)";
				SWIFT_VERSION = 3.0;
				TEST_HOST = "$(BUILT_PRODUCTS_DIR)/Calculator.app/Calculator";
			};
			name = Debug;
		};
		047C55C219F2125D0037BF5D /* Release */ = {
			isa = XCBuildConfiguration;
			buildSettings = {
				BUNDLE_LOADER = "$(TEST_HOST)";
				FRAMEWORK_SEARCH_PATHS = (
					"$(SDKROOT)/Developer/Library/Frameworks",
					"$(inherited)",
				);
				INFOPLIST_FILE = CalculatorTests/Info.plist;
				LD_RUNPATH_SEARCH_PATHS = "$(inherited) @executable_path/Frameworks @loader_path/Frameworks";
				PRODUCT_NAME = "$(TARGET_NAME)";
				SWIFT_VERSION = 3.0;
				TEST_HOST = "$(BUILT_PRODUCTS_DIR)/Calculator.app/Calculator";
			};
			name = Release;
		};
/* End XCBuildConfiguration section */

/* Begin XCConfigurationList section */
		047C559919F2125C0037BF5D /* Build configuration list for PBXProject "Calculator" */ = {
			isa = XCConfigurationList;
			buildConfigurations = (
				047C55BB19F2125C0037BF5D /* Debug */,
				047C55BC19F2125C0037BF5D /* Release */,
			);
			defaultConfigurationIsVisible = 0;
			defaultConfigurationName = Release;
		};
		047C55BD19F2125D0037BF5D /* Build configuration list for PBXNativeTarget "Calculator" */ = {
			isa = XCConfigurationList;
			buildConfigurations = (
				047C55BE19F2125D0037BF5D /* Debug */,
				047C55BF19F2125D0037BF5D /* Release */,
			);
			defaultConfigurationIsVisible = 0;
			defaultConfigurationName = Release;
		};
		047C55C019F2125D0037BF5D /* Build configuration list for PBXNativeTarget "CalculatorTests" */ = {
			isa = XCConfigurationList;
			buildConfigurations = (
				047C55C119F2125D0037BF5D /* Debug */,
				047C55C219F2125D0037BF5D /* Release */,
			);
			defaultConfigurationIsVisible = 0;
			defaultConfigurationName = Release;
		};
/* End XCConfigurationList section */
	};
	rootObject = 047C559619F2125C0037BF5D /* Project object */;
}
